{
  "originHash" : "95ac7f4de07385da8c76c17ca8a310b348a1341445d8210016bfdf6b93c4f0fb",
  "pins" : [
    {
      "identity" : "vungleadssdk-swiftpackagemanager",
      "kind" : "remoteSourceControl",
      "location" : "https://github.com/Vungle/VungleAdsSDK-SwiftPackageManager.git",
      "state" : {
        "revision" : "fa575ca55baf74c2b2bf59ec0a4ce8da79e632c7",
        "version" : "7.4.1"
      }
    }
  ],
  "version" : 3
}
